
Microsoft Visual Studio Solution File, Format Version 12.00
# Visual Studio 15
VisualStudioVersion = 15.0.28307.438
MinimumVisualStudioVersion = 10.0.40219.1
Project("{FAE04EC0-301F-11D3-BF4B-00C04F79EFBC}") = "Modul7", "Modul7\Modul7.csproj", "{C944507C-1217-48BE-9981-20D2E91DF2A6}"
EndProject
Global
	GlobalSection(SolutionConfigurationPlatforms) = preSolution
		Debug|Any CPU = Debug|Any CPU
		Release|Any CPU = Release|Any CPU
	EndGlobalSection
	GlobalSection(ProjectConfigurationPlatforms) = postSolution
		{C944507C-1217-48BE-9981-20D2E91DF2A6}.Debug|Any CPU.ActiveCfg = Debug|Any CPU
		{C944507C-1217-48BE-9981-20D2E91DF2A6}.Debug|Any CPU.Build.0 = Debug|Any CPU
		{C944507C-1217-48BE-9981-20D2E91DF2A6}.Release|Any CPU.ActiveCfg = Release|Any CPU
		{C944507C-1217-48BE-9981-20D2E91DF2A6}.Release|Any CPU.Build.0 = Release|Any CPU
	EndGlobalSection
	GlobalSection(SolutionProperties) = preSolution
		HideSolutionNode = FALSE
	EndGlobalSection
	GlobalSection(ExtensibilityGlobals) = postSolution
		SolutionGuid = {CD15D90B-FA2B-4BC3-A715-FCC417220474}
	EndGlobalSection
EndGlobal
